
Microsoft Visual Studio Solution File, Format Version 12.00
# Visual Studio Version 17
VisualStudioVersion = 17.0.31903.59
MinimumVisualStudioVersion = 10.0.40219.1
Project("{FAE04EC0-301F-11D3-BF4B-00C04F79EFBC}") = "EWasteManagement.API", "EWasteManagement.API\EWasteManagement.API.csproj", "{9EE80FD1-CEB7-4B84-8973-3553EC2DCAB0}"
EndProject
Project("{FAE04EC0-301F-11D3-BF4B-00C04F79EFBC}") = "EWasteManagement.Tests", "EWasteManagement.Tests\EWasteManagement.Tests.csproj", "{58495652-7D83-4D1E-834A-16B277334E95}"
EndProject
Global
	GlobalSection(SolutionConfigurationPlatforms) = preSolution
		Debug|Any CPU = Debug|Any CPU
		Release|Any CPU = Release|Any CPU
	EndGlobalSection
	GlobalSection(SolutionProperties) = preSolution
		HideSolutionNode = FALSE
	EndGlobalSection
	GlobalSection(ProjectConfigurationPlatforms) = postSolution
		{9EE80FD1-CEB7-4B84-8973-3553EC2DCAB0}.Debug|Any CPU.ActiveCfg = Debug|Any CPU
		{9EE80FD1-CEB7-4B84-8973-3553EC2DCAB0}.Debug|Any CPU.Build.0 = Debug|Any CPU
		{9EE80FD1-CEB7-4B84-8973-3553EC2DCAB0}.Release|Any CPU.ActiveCfg = Release|Any CPU
		{9EE80FD1-CEB7-4B84-8973-3553EC2DCAB0}.Release|Any CPU.Build.0 = Release|Any CPU
		{58495652-7D83-4D1E-834A-16B277334E95}.Debug|Any CPU.ActiveCfg = Debug|Any CPU
		{58495652-7D83-4D1E-834A-16B277334E95}.Debug|Any CPU.Build.0 = Debug|Any CPU
		{58495652-7D83-4D1E-834A-16B277334E95}.Release|Any CPU.ActiveCfg = Release|Any CPU
		{58495652-7D83-4D1E-834A-16B277334E95}.Release|Any CPU.Build.0 = Release|Any CPU
	EndGlobalSection
EndGlobal
